
Microsoft Visual Studio Solution File, Format Version 12.00
# Visual Studio Version 16
VisualStudioVersion = 16.0.34301.259
MinimumVisualStudioVersion = 10.0.40219.1
Project("{FAE04EC0-301F-11D3-BF4B-00C04F79EFBC}") = "MGT_INTERFACE_DW", "BIS_INTERFACE_BC\MGT_INTERFACE_DW.csproj", "{EACF82CF-4D16-4C73-BC09-5584C7612078}"
EndProject
Global
	GlobalSection(SolutionConfigurationPlatforms) = preSolution
		Debug|Any CPU = Debug|Any CPU
		Release|Any CPU = Release|Any CPU
	EndGlobalSection
	GlobalSection(ProjectConfigurationPlatforms) = postSolution
		{EACF82CF-4D16-4C73-BC09-5584C7612078}.Debug|Any CPU.ActiveCfg = Debug|Any CPU
		{EACF82CF-4D16-4C73-BC09-5584C7612078}.Debug|Any CPU.Build.0 = Debug|Any CPU
		{EACF82CF-4D16-4C73-BC09-5584C7612078}.Release|Any CPU.ActiveCfg = Release|Any CPU
		{EACF82CF-4D16-4C73-BC09-5584C7612078}.Release|Any CPU.Build.0 = Release|Any CPU
	EndGlobalSection
	GlobalSection(SolutionProperties) = preSolution
		HideSolutionNode = FALSE
	EndGlobalSection
	GlobalSection(ExtensibilityGlobals) = postSolution
		SolutionGuid = {CF418BB8-8BE8-4AB0-8F4E-1961B729BFE8}
	EndGlobalSection
EndGlobal
